// !$*UTF8*$!
{
	archiveVersion = 1;
	classes = {
	};
	objectVersion = 50;
	objects = {

/* Begin PBXBuildFile section */
		DAADA56C26E733840092D913 /* WeatherAppApp.swift in Sources */ = {isa = PBXBuildFile; fileRef = DAADA56B26E733840092D913 /* WeatherAppApp.swift */; };
		DAADA56E26E733840092D913 /* ContentView.swift in Sources */ = {isa = PBXBuildFile; fileRef = DAADA56D26E733840092D913 /* ContentView.swift */; };
		DAADA57026E733850092D913 /* Assets.xcassets in Resources */ = {isa = PBXBuildFile; fileRef = DAADA56F26E733850092D913 /* Assets.xcassets */; };
		DAADA57326E733850092D913 /* Preview Assets.xcassets in Resources */ = {isa = PBXBuildFile; fileRef = DAADA57226E733850092D913 /* Preview Assets.xcassets */; };
		DAADA57E26E733850092D913 /* WeatherAppTests.swift in Sources */ = {isa = PBXBuildFile; fileRef = DAADA57D26E733850092D913 /* WeatherAppTests.swift */; };
		DAADA58926E733850092D913 /* WeatherAppUITests.swift in Sources */ = {isa = PBXBuildFile; fileRef = DAADA58826E733850092D913 /* WeatherAppUITests.swift */; };
		DAADA59A26E734020092D913 /* MainView.swift in Sources */ = {isa = PBXBuildFile; fileRef = DAADA59926E734020092D913 /* MainView.swift */; };
		DAADA59C26E7341D0092D913 /* CitySearchView.swift in Sources */ = {isa = PBXBuildFile; fileRef = DAADA59B26E7341D0092D913 /* CitySearchView.swift */; };
		DAADA59E26E734290092D913 /* WeatherDetailView.swift in Sources */ = {isa = PBXBuildFile; fileRef = DAADA59D26E734290092D913 /* WeatherDetailView.swift */; };
		DAADA5A026E7344B0092D913 /* WeatherCardView.swift in Sources */ = {isa = PBXBuildFile; fileRef = DAADA59F26E7344B0092D913 /* WeatherCardView.swift */; };
		DAADA5A226E7347F0092D913 /* City.swift in Sources */ = {isa = PBXBuildFile; fileRef = DAADA5A126E7347F0092D913 /* City.swift */; };
		DAADA5A426E7348B0092D913 /* APIResponse.swift in Sources */ = {isa = PBXBuildFile; fileRef = DAADA5A326E7348B0092D913 /* APIResponse.swift */; };
		DAADA5A626E7349C0092D913 /* CityViewModel.swift in Sources */ = {isa = PBXBuildFile; fileRef = DAADA5A526E7349C0092D913 /* CityViewModel.swift */; };
		DAADA5A826E734A60092D913 /* WeatherViewModel.swift in Sources */ = {isa = PBXBuildFile; fileRef = DAADA5A726E734A60092D913 /* WeatherViewModel.swift */; };
		DAADA5AA26E734D90092D913 /* ViewController.swift in Sources */ = {isa = PBXBuildFile; fileRef = DAADA5A926E734D90092D913 /* ViewController.swift */; };
		DAADA5AD26E74A320092D913 /* Weather.swift in Sources */ = {isa = PBXBuildFile; fileRef = DAADA5AC26E74A320092D913 /* Weather.swift */; };
		DAADA5B026E74DA30092D913 /* NetworkManager.swift in Sources */ = {isa = PBXBuildFile; fileRef = DAADA5AF26E74DA30092D913 /* NetworkManager.swift */; };
/* End PBXBuildFile section */

/* Begin PBXContainerItemProxy section */
		DAADA57A26E733850092D913 /* PBXContainerItemProxy */ = {
			isa = PBXContainerItemProxy;
			containerPortal = DAADA56026E733840092D913 /* Project object */;
			proxyType = 1;
			remoteGlobalIDString = DAADA56726E733840092D913;
			remoteInfo = WeatherApp;
		};
		DAADA58526E733850092D913 /* PBXContainerItemProxy */ = {
			isa = PBXContainerItemProxy;
			containerPortal = DAADA56026E733840092D913 /* Project object */;
			proxyType = 1;
			remoteGlobalIDString = DAADA56726E733840092D913;
			remoteInfo = WeatherApp;
		};
/* End PBXContainerItemProxy section */

/* Begin PBXFileReference section */
		DAADA56826E733840092D913 /* WeatherApp.app */ = {isa = PBXFileReference; explicitFileType = wrapper.application; includeInIndex = 0; path = WeatherApp.app; sourceTree = BUILT_PRODUCTS_DIR; };
		DAADA56B26E733840092D913 /* WeatherAppApp.swift */ = {isa = PBXFileReference; lastKnownFileType = sourcecode.swift; path = WeatherAppApp.swift; sourceTree = "<group>"; };
		DAADA56D26E733840092D913 /* ContentView.swift */ = {isa = PBXFileReference; lastKnownFileType = sourcecode.swift; path = ContentView.swift; sourceTree = "<group>"; };
		DAADA56F26E733850092D913 /* Assets.xcassets */ = {isa = PBXFileReference; lastKnownFileType = folder.assetcatalog; path = Assets.xcassets; sourceTree = "<group>"; };
		DAADA57226E733850092D913 /* Preview Assets.xcassets */ = {isa = PBXFileReference; lastKnownFileType = folder.assetcatalog; path = "Preview Assets.xcassets"; sourceTree = "<group>"; };
		DAADA57426E733850092D913 /* Info.plist */ = {isa = PBXFileReference; lastKnownFileType = text.plist.xml; path = Info.plist; sourceTree = "<group>"; };
		DAADA57926E733850092D913 /* WeatherAppTests.xctest */ = {isa = PBXFileReference; explicitFileType = wrapper.cfbundle; includeInIndex = 0; path = WeatherAppTests.xctest; sourceTree = BUILT_PRODUCTS_DIR; };
		DAADA57D26E733850092D913 /* WeatherAppTests.swift */ = {isa = PBXFileReference; lastKnownFileType = sourcecode.swift; path = WeatherAppTests.swift; sourceTree = "<group>"; };
		DAADA57F26E733850092D913 /* Info.plist */ = {isa = PBXFileReference; lastKnownFileType = text.plist.xml; path = Info.plist; sourceTree = "<group>"; };
		DAADA58426E733850092D913 /* WeatherAppUITests.xctest */ = {isa = PBXFileReference; explicitFileType = wrapper.cfbundle; includeInIndex = 0; path = WeatherAppUITests.xctest; sourceTree = BUILT_PRODUCTS_DIR; };
		DAADA58826E733850092D913 /* WeatherAppUITests.swift */ = {isa = PBXFileReference; lastKnownFileType = sourcecode.swift; path = WeatherAppUITests.swift; sourceTree = "<group>"; };
		DAADA58A26E733850092D913 /* Info.plist */ = {isa = PBXFileReference; lastKnownFileType = text.plist.xml; path = Info.plist; sourceTree = "<group>"; };
		DAADA59926E734020092D913 /* MainView.swift */ = {isa = PBXFileReference; lastKnownFileType = sourcecode.swift; path = MainView.swift; sourceTree = "<group>"; };
		DAADA59B26E7341D0092D913 /* CitySearchView.swift */ = {isa = PBXFileReference; lastKnownFileType = sourcecode.swift; path = CitySearchView.swift; sourceTree = "<group>"; };
		DAADA59D26E734290092D913 /* WeatherDetailView.swift */ = {isa = PBXFileReference; lastKnownFileType = sourcecode.swift; path = WeatherDetailView.swift; sourceTree = "<group>"; };
		DAADA59F26E7344B0092D913 /* WeatherCardView.swift */ = {isa = PBXFileReference; lastKnownFileType = sourcecode.swift; path = WeatherCardView.swift; sourceTree = "<group>"; };
		DAADA5A126E7347F0092D913 /* City.swift */ = {isa = PBXFileReference; lastKnownFileType = sourcecode.swift; path = City.swift; sourceTree = "<group>"; };
		DAADA5A326E7348B0092D913 /* APIResponse.swift */ = {isa = PBXFileReference; lastKnownFileType = sourcecode.swift; path = APIResponse.swift; sourceTree = "<group>"; };
		DAADA5A526E7349C0092D913 /* CityViewModel.swift */ = {isa = PBXFileReference; lastKnownFileType = sourcecode.swift; path = CityViewModel.swift; sourceTree = "<group>"; };
		DAADA5A726E734A60092D913 /* WeatherViewModel.swift */ = {isa = PBXFileReference; lastKnownFileType = sourcecode.swift; path = WeatherViewModel.swift; sourceTree = "<group>"; };
		DAADA5A926E734D90092D913 /* ViewController.swift */ = {isa = PBXFileReference; lastKnownFileType = sourcecode.swift; path = ViewController.swift; sourceTree = "<group>"; };
		DAADA5AC26E74A320092D913 /* Weather.swift */ = {isa = PBXFileReference; lastKnownFileType = sourcecode.swift; path = Weather.swift; sourceTree = "<group>"; };
		DAADA5AF26E74DA30092D913 /* NetworkManager.swift */ = {isa = PBXFileReference; lastKnownFileType = sourcecode.swift; path = NetworkManager.swift; sourceTree = "<group>"; };
/* End PBXFileReference section */

/* Begin PBXFrameworksBuildPhase section */
		DAADA56526E733840092D913 /* Frameworks */ = {
			isa = PBXFrameworksBuildPhase;
			buildActionMask = 2147483647;
			files = (
			);
			runOnlyForDeploymentPostprocessing = 0;
		};
		DAADA57626E733850092D913 /* Frameworks */ = {
			isa = PBXFrameworksBuildPhase;
			buildActionMask = 2147483647;
			files = (
			);
			runOnlyForDeploymentPostprocessing = 0;
		};
		DAADA58126E733850092D913 /* Frameworks */ = {
			isa = PBXFrameworksBuildPhase;
			buildActionMask = 2147483647;
			files = (
			);
			runOnlyForDeploymentPostprocessing = 0;
		};
/* End PBXFrameworksBuildPhase section */

/* Begin PBXGroup section */
		DAADA55F26E733840092D913 = {
			isa = PBXGroup;
			children = (
				DAADA56A26E733840092D913 /* WeatherApp */,
				DAADA57C26E733850092D913 /* WeatherAppTests */,
				DAADA58726E733850092D913 /* WeatherAppUITests */,
				DAADA56926E733840092D913 /* Products */,
			);
			sourceTree = "<group>";
		};
		DAADA56926E733840092D913 /* Products */ = {
			isa = PBXGroup;
			children = (
				DAADA56826E733840092D913 /* WeatherApp.app */,
				DAADA57926E733850092D913 /* WeatherAppTests.xctest */,
				DAADA58426E733850092D913 /* WeatherAppUITests.xctest */,
			);
			name = Products;
			sourceTree = "<group>";
		};
		DAADA56A26E733840092D913 /* WeatherApp */ = {
			isa = PBXGroup;
			children = (
				DAADA56B26E733840092D913 /* WeatherAppApp.swift */,
				DAADA56D26E733840092D913 /* ContentView.swift */,
				DAADA5AB26E734E40092D913 /* ViewControl */,
				DAADA59626E733990092D913 /* Views */,
				DAADA59826E733AF0092D913 /* ViewModels */,
				DAADA59726E733A40092D913 /* Models */,
				DAADA56F26E733850092D913 /* Assets.xcassets */,
				DAADA57426E733850092D913 /* Info.plist */,
				DAADA57126E733850092D913 /* Preview Content */,
			);
			path = WeatherApp;
			sourceTree = "<group>";
		};
		DAADA57126E733850092D913 /* Preview Content */ = {
			isa = PBXGroup;
			children = (
				DAADA57226E733850092D913 /* Preview Assets.xcassets */,
			);
			path = "Preview Content";
			sourceTree = "<group>";
		};
		DAADA57C26E733850092D913 /* WeatherAppTests */ = {
			isa = PBXGroup;
			children = (
				DAADA57D26E733850092D913 /* WeatherAppTests.swift */,
				DAADA57F26E733850092D913 /* Info.plist */,
			);
			path = WeatherAppTests;
			sourceTree = "<group>";
		};
		DAADA58726E733850092D913 /* WeatherAppUITests */ = {
			isa = PBXGroup;
			children = (
				DAADA58826E733850092D913 /* WeatherAppUITests.swift */,
				DAADA58A26E733850092D913 /* Info.plist */,
			);
			path = WeatherAppUITests;
			sourceTree = "<group>";
		};
		DAADA59626E733990092D913 /* Views */ = {
			isa = PBXGroup;
			children = (
				DAADA59926E734020092D913 /* MainView.swift */,
				DAADA59F26E7344B0092D913 /* WeatherCardView.swift */,
				DAADA59D26E734290092D913 /* WeatherDetailView.swift */,
				DAADA59B26E7341D0092D913 /* CitySearchView.swift */,
			);
			path = Views;
			sourceTree = "<group>";
		};
		DAADA59726E733A40092D913 /* Models */ = {
			isa = PBXGroup;
			children = (
				DAADA5A126E7347F0092D913 /* City.swift */,
				DAADA5A326E7348B0092D913 /* APIResponse.swift */,
				DAADA5AC26E74A320092D913 /* Weather.swift */,
			);
			path = Models;
			sourceTree = "<group>";
		};
		DAADA59826E733AF0092D913 /* ViewModels */ = {
			isa = PBXGroup;
			children = (
				DAADA5A526E7349C0092D913 /* CityViewModel.swift */,
				DAADA5A726E734A60092D913 /* WeatherViewModel.swift */,
				DAADA5AE26E74D880092D913 /* Services */,
			);
			path = ViewModels;
			sourceTree = "<group>";
		};
		DAADA5AB26E734E40092D913 /* ViewControl */ = {
			isa = PBXGroup;
			children = (
				DAADA5A926E734D90092D913 /* ViewController.swift */,
			);
			path = ViewControl;
			sourceTree = "<group>";
		};
		DAADA5AE26E74D880092D913 /* Services */ = {
			isa = PBXGroup;
			children = (
				DAADA5AF26E74DA30092D913 /* NetworkManager.swift */,
			);
			path = Services;
			sourceTree = "<group>";
		};
/* End PBXGroup section */

/* Begin PBXNativeTarget section */
		DAADA56726E733840092D913 /* WeatherApp */ = {
			isa = PBXNativeTarget;
			buildConfigurationList = DAADA58D26E733850092D913 /* Build configuration list for PBXNativeTarget "WeatherApp" */;
			buildPhases = (
				DAADA56426E733840092D913 /* Sources */,
				DAADA56526E733840092D913 /* Frameworks */,
				DAADA56626E733840092D913 /* Resources */,
			);
			buildRules = (
			);
			dependencies = (
			);
			name = WeatherApp;
			productName = WeatherApp;
			productReference = DAADA56826E733840092D913 /* WeatherApp.app */;
			productType = "com.apple.product-type.application";
		};
		DAADA57826E733850092D913 /* WeatherAppTests */ = {
			isa = PBXNativeTarget;
			buildConfigurationList = DAADA59026E733850092D913 /* Build configuration list for PBXNativeTarget "WeatherAppTests" */;
			buildPhases = (
				DAADA57526E733850092D913 /* Sources */,
				DAADA57626E733850092D913 /* Frameworks */,
				DAADA57726E733850092D913 /* Resources */,
			);
			buildRules = (
			);
			dependencies = (
				DAADA57B26E733850092D913 /* PBXTargetDependency */,
			);
			name = WeatherAppTests;
			productName = WeatherAppTests;
			productReference = DAADA57926E733850092D913 /* WeatherAppTests.xctest */;
			productType = "com.apple.product-type.bundle.unit-test";
		};
		DAADA58326E733850092D913 /* WeatherAppUITests */ = {
			isa = PBXNativeTarget;
			buildConfigurationList = DAADA59326E733850092D913 /* Build configuration list for PBXNativeTarget "WeatherAppUITests" */;
			buildPhases = (
				DAADA58026E733850092D913 /* Sources */,
				DAADA58126E733850092D913 /* Frameworks */,
				DAADA58226E733850092D913 /* Resources */,
			);
			buildRules = (
			);
			dependencies = (
				DAADA58626E733850092D913 /* PBXTargetDependency */,
			);
			name = WeatherAppUITests;
			productName = WeatherAppUITests;
			productReference = DAADA58426E733850092D913 /* WeatherAppUITests.xctest */;
			productType = "com.apple.product-type.bundle.ui-testing";
		};
/* End PBXNativeTarget section */

/* Begin PBXProject section */
		DAADA56026E733840092D913 /* Project object */ = {
			isa = PBXProject;
			attributes = {
				LastSwiftUpdateCheck = 1250;
				LastUpgradeCheck = 1250;
				TargetAttributes = {
					DAADA56726E733840092D913 = {
						CreatedOnToolsVersion = 12.5.1;
					};
					DAADA57826E733850092D913 = {
						CreatedOnToolsVersion = 12.5.1;
						TestTargetID = DAADA56726E733840092D913;
					};
					DAADA58326E733850092D913 = {
						CreatedOnToolsVersion = 12.5.1;
						TestTargetID = DAADA56726E733840092D913;
					};
				};
			};
			buildConfigurationList = DAADA56326E733840092D913 /* Build configuration list for PBXProject "WeatherApp" */;
			compatibilityVersion = "Xcode 9.3";
			developmentRegion = en;
			hasScannedForEncodings = 0;
			knownRegions = (
				en,
				Base,
			);
			mainGroup = DAADA55F26E733840092D913;
			productRefGroup = DAADA56926E733840092D913 /* Products */;
			projectDirPath = "";
			projectRoot = "";
			targets = (
				DAADA56726E733840092D913 /* WeatherApp */,
				DAADA57826E733850092D913 /* WeatherAppTests */,
				DAADA58326E733850092D913 /* WeatherAppUITests */,
			);
		};
/* End PBXProject section */

/* Begin PBXResourcesBuildPhase section */
		DAADA56626E733840092D913 /* Resources */ = {
			isa = PBXResourcesBuildPhase;
			buildActionMask = 2147483647;
			files = (
				DAADA57326E733850092D913 /* Preview Assets.xcassets in Resources */,
				DAADA57026E733850092D913 /* Assets.xcassets in Resources */,
			);
			runOnlyForDeploymentPostprocessing = 0;
		};
		DAADA57726E733850092D913 /* Resources */ = {
			isa = PBXResourcesBuildPhase;
			buildActionMask = 2147483647;
			files = (
			);
			runOnlyForDeploymentPostprocessing = 0;
		};
		DAADA58226E733850092D913 /* Resources */ = {
			isa = PBXResourcesBuildPhase;
			buildActionMask = 2147483647;
			files = (
			);
			runOnlyForDeploymentPostprocessing = 0;
		};
/* End PBXResourcesBuildPhase section */

/* Begin PBXSourcesBuildPhase section */
		DAADA56426E733840092D913 /* Sources */ = {
			isa = PBXSourcesBuildPhase;
			buildActionMask = 2147483647;
			files = (
				DAADA5A426E7348B0092D913 /* APIResponse.swift in Sources */,
				DAADA59C26E7341D0092D913 /* CitySearchView.swift in Sources */,
				DAADA5A026E7344B0092D913 /* WeatherCardView.swift in Sources */,
				DAADA5B026E74DA30092D913 /* NetworkManager.swift in Sources */,
				DAADA56E26E733840092D913 /* ContentView.swift in Sources */,
				DAADA5AD26E74A320092D913 /* Weather.swift in Sources */,
				DAADA5AA26E734D90092D913 /* ViewController.swift in Sources */,
				DAADA59A26E734020092D913 /* MainView.swift in Sources */,
				DAADA5A826E734A60092D913 /* WeatherViewModel.swift in Sources */,
				DAADA59E26E734290092D913 /* WeatherDetailView.swift in Sources */,
				DAADA56C26E733840092D913 /* WeatherAppApp.swift in Sources */,
				DAADA5A626E7349C0092D913 /* CityViewModel.swift in Sources */,
				DAADA5A226E7347F0092D913 /* City.swift in Sources */,
			);
			runOnlyForDeploymentPostprocessing = 0;
		};
		DAADA57526E733850092D913 /* Sources */ = {
			isa = PBXSourcesBuildPhase;
			buildActionMask = 2147483647;
			files = (
				DAADA57E26E733850092D913 /* WeatherAppTests.swift in Sources */,
			);
			runOnlyForDeploymentPostprocessing = 0;
		};
		DAADA58026E733850092D913 /* Sources */ = {
			isa = PBXSourcesBuildPhase;
			buildActionMask = 2147483647;
			files = (
				DAADA58926E733850092D913 /* WeatherAppUITests.swift in Sources */,
			);
			runOnlyForDeploymentPostprocessing = 0;
		};
/* End PBXSourcesBuildPhase section */

/* Begin PBXTargetDependency section */
		DAADA57B26E733850092D913 /* PBXTargetDependency */ = {
			isa = PBXTargetDependency;
			target = DAADA56726E733840092D913 /* WeatherApp */;
			targetProxy = DAADA57A26E733850092D913 /* PBXContainerItemProxy */;
		};
		DAADA58626E733850092D913 /* PBXTargetDependency */ = {
			isa = PBXTargetDependency;
			target = DAADA56726E733840092D913 /* WeatherApp */;
			targetProxy = DAADA58526E733850092D913 /* PBXContainerItemProxy */;
		};
/* End PBXTargetDependency section */

/* Begin XCBuildConfiguration section */
		DAADA58B26E733850092D913 /* Debug */ = {
			isa = XCBuildConfiguration;
			buildSettings = {
				ALWAYS_SEARCH_USER_PATHS = NO;
				CLANG_ANALYZER_NONNULL = YES;
				CLANG_ANALYZER_NUMBER_OBJECT_CONVERSION = YES_AGGRESSIVE;
				CLANG_CXX_LANGUAGE_STANDARD = "gnu++14";
				CLANG_CXX_LIBRARY = "libc++";
				CLANG_ENABLE_MODULES = YES;
				CLANG_ENABLE_OBJC_ARC = YES;
				CLANG_ENABLE_OBJC_WEAK = YES;
				CLANG_WARN_BLOCK_CAPTURE_AUTORELEASING = YES;
				CLANG_WARN_BOOL_CONVERSION = YES;
				CLANG_WARN_COMMA = YES;
				CLANG_WARN_CONSTANT_CONVERSION = YES;
				CLANG_WARN_DEPRECATED_OBJC_IMPLEMENTATIONS = YES;
				CLANG_WARN_DIRECT_OBJC_ISA_USAGE = YES_ERROR;
				CLANG_WARN_DOCUMENTATION_COMMENTS = YES;
				CLANG_WARN_EMPTY_BODY = YES;
				CLANG_WARN_ENUM_CONVERSION = YES;
				CLANG_WARN_INFINITE_RECURSION = YES;
				CLANG_WARN_INT_CONVERSION = YES;
				CLANG_WARN_NON_LITERAL_NULL_CONVERSION = YES;
				CLANG_WARN_OBJC_IMPLICIT_RETAIN_SELF = YES;
				CLANG_WARN_OBJC_LITERAL_CONVERSION = YES;
				CLANG_WARN_OBJC_ROOT_CLASS = YES_ERROR;
				CLANG_WARN_QUOTED_INCLUDE_IN_FRAMEWORK_HEADER = YES;
				CLANG_WARN_RANGE_LOOP_ANALYSIS = YES;
				CLANG_WARN_STRICT_PROTOTYPES = YES;
				CLANG_WARN_SUSPICIOUS_MOVE = YES;
				CLANG_WARN_UNGUARDED_AVAILABILITY = YES_AGGRESSIVE;
				CLANG_WARN_UNREACHABLE_CODE = YES;
				CLANG_WARN__DUPLICATE_METHOD_MATCH = YES;
				COPY_PHASE_STRIP = NO;
				DEBUG_INFORMATION_FORMAT = dwarf;
				ENABLE_STRICT_OBJC_MSGSEND = YES;
				ENABLE_TESTABILITY = YES;
				GCC_C_LANGUAGE_STANDARD = gnu11;
				GCC_DYNAMIC_NO_PIC = NO;
				GCC_NO_COMMON_BLOCKS = YES;
				GCC_OPTIMIZATION_LEVEL = 0;
				GCC_PREPROCESSOR_DEFINITIONS = (
					"DEBUG=1",
					"$(inherited)",
				);
				GCC_WARN_64_TO_32_BIT_CONVERSION = YES;
				GCC_WARN_ABOUT_RETURN_TYPE = YES_ERROR;
				GCC_WARN_UNDECLARED_SELECTOR = YES;
				GCC_WARN_UNINITIALIZED_AUTOS = YES_AGGRESSIVE;
				GCC_WARN_UNUSED_FUNCTION = YES;
				GCC_WARN_UNUSED_VARIABLE = YES;
				IPHONEOS_DEPLOYMENT_TARGET = 14.5;
				MTL_ENABLE_DEBUG_INFO = INCLUDE_SOURCE;
				MTL_FAST_MATH = YES;
				ONLY_ACTIVE_ARCH = YES;
				SDKROOT = iphoneos;
				SWIFT_ACTIVE_COMPILATION_CONDITIONS = DEBUG;
				SWIFT_OPTIMIZATION_LEVEL = "-Onone";
			};
			name = Debug;
		};
		DAADA58C26E733850092D913 /* Release */ = {
			isa = XCBuildConfiguration;
			buildSettings = {
				ALWAYS_SEARCH_USER_PATHS = NO;
				CLANG_ANALYZER_NONNULL = YES;
				CLANG_ANALYZER_NUMBER_OBJECT_CONVERSION = YES_AGGRESSIVE;
				CLANG_CXX_LANGUAGE_STANDARD = "gnu++14";
				CLANG_CXX_LIBRARY = "libc++";
				CLANG_ENABLE_MODULES = YES;
				CLANG_ENABLE_OBJC_ARC = YES;
				CLANG_ENABLE_OBJC_WEAK = YES;
				CLANG_WARN_BLOCK_CAPTURE_AUTORELEASING = YES;
				CLANG_WARN_BOOL_CONVERSION = YES;
				CLANG_WARN_COMMA = YES;
				CLANG_WARN_CONSTANT_CONVERSION = YES;
				CLANG_WARN_DEPRECATED_OBJC_IMPLEMENTATIONS = YES;
				CLANG_WARN_DIRECT_OBJC_ISA_USAGE = YES_ERROR;
				CLANG_WARN_DOCUMENTATION_COMMENTS = YES;
				CLANG_WARN_EMPTY_BODY = YES;
				CLANG_WARN_ENUM_CONVERSION = YES;
				CLANG_WARN_INFINITE_RECURSION = YES;
				CLANG_WARN_INT_CONVERSION = YES;
				CLANG_WARN_NON_LITERAL_NULL_CONVERSION = YES;
				CLANG_WARN_OBJC_IMPLICIT_RETAIN_SELF = YES;
				CLANG_WARN_OBJC_LITERAL_CONVERSION = YES;
				CLANG_WARN_OBJC_ROOT_CLASS = YES_ERROR;
				CLANG_WARN_QUOTED_INCLUDE_IN_FRAMEWORK_HEADER = YES;
				CLANG_WARN_RANGE_LOOP_ANALYSIS = YES;
				CLANG_WARN_STRICT_PROTOTYPES = YES;
				CLANG_WARN_SUSPICIOUS_MOVE = YES;
				CLANG_WARN_UNGUARDED_AVAILABILITY = YES_AGGRESSIVE;
				CLANG_WARN_UNREACHABLE_CODE = YES;
				CLANG_WARN__DUPLICATE_METHOD_MATCH = YES;
				COPY_PHASE_STRIP = NO;
				DEBUG_INFORMATION_FORMAT = "dwarf-with-dsym";
				ENABLE_NS_ASSERTIONS = NO;
				ENABLE_STRICT_OBJC_MSGSEND = YES;
				GCC_C_LANGUAGE_STANDARD = gnu11;
				GCC_NO_COMMON_BLOCKS = YES;
				GCC_WARN_64_TO_32_BIT_CONVERSION = YES;
				GCC_WARN_ABOUT_RETURN_TYPE = YES_ERROR;
				GCC_WARN_UNDECLARED_SELECTOR = YES;
				GCC_WARN_UNINITIALIZED_AUTOS = YES_AGGRESSIVE;
				GCC_WARN_UNUSED_FUNCTION = YES;
				GCC_WARN_UNUSED_VARIABLE = YES;
				IPHONEOS_DEPLOYMENT_TARGET = 14.5;
				MTL_ENABLE_DEBUG_INFO = NO;
				MTL_FAST_MATH = YES;
				SDKROOT = iphoneos;
				SWIFT_COMPILATION_MODE = wholemodule;
				SWIFT_OPTIMIZATION_LEVEL = "-O";
				VALIDATE_PRODUCT = YES;
			};
			name = Release;
		};
		DAADA58E26E733850092D913 /* Debug */ = {
			isa = XCBuildConfiguration;
			buildSettings = {
				ASSETCATALOG_COMPILER_APPICON_NAME = AppIcon;
				ASSETCATALOG_COMPILER_GLOBAL_ACCENT_COLOR_NAME = AccentColor;
				CODE_SIGN_STYLE = Automatic;
				DEVELOPMENT_ASSET_PATHS = "\"WeatherApp/Preview Content\"";
				ENABLE_PREVIEWS = YES;
				INFOPLIST_FILE = WeatherApp/Info.plist;
				IPHONEOS_DEPLOYMENT_TARGET = 14.0;
				LD_RUNPATH_SEARCH_PATHS = (
					"$(inherited)",
					"@executable_path/Frameworks",
				);
				PRODUCT_BUNDLE_IDENTIFIER = com.yangwang.WeatherApp;
				PRODUCT_NAME = "$(TARGET_NAME)";
				SWIFT_VERSION = 5.0;
				TARGETED_DEVICE_FAMILY = "1,2";
			};
			name = Debug;
		};
		DAADA58F26E733850092D913 /* Release */ = {
			isa = XCBuildConfiguration;
			buildSettings = {
				ASSETCATALOG_COMPILER_APPICON_NAME = AppIcon;
				ASSETCATALOG_COMPILER_GLOBAL_ACCENT_COLOR_NAME = AccentColor;
				CODE_SIGN_STYLE = Automatic;
				DEVELOPMENT_ASSET_PATHS = "\"WeatherApp/Preview Content\"";
				ENABLE_PREVIEWS = YES;
				INFOPLIST_FILE = WeatherApp/Info.plist;
				IPHONEOS_DEPLOYMENT_TARGET = 14.0;
				LD_RUNPATH_SEARCH_PATHS = (
					"$(inherited)",
					"@executable_path/Frameworks",
				);
				PRODUCT_BUNDLE_IDENTIFIER = com.yangwang.WeatherApp;
				PRODUCT_NAME = "$(TARGET_NAME)";
				SWIFT_VERSION = 5.0;
				TARGETED_DEVICE_FAMILY = "1,2";
			};
			name = Release;
		};
		DAADA59126E733850092D913 /* Debug */ = {
			isa = XCBuildConfiguration;
			buildSettings = {
				ALWAYS_EMBED_SWIFT_STANDARD_LIBRARIES = YES;
				BUNDLE_LOADER = "$(TEST_HOST)";
				CODE_SIGN_STYLE = Automatic;
				INFOPLIST_FILE = WeatherAppTests/Info.plist;
				IPHONEOS_DEPLOYMENT_TARGET = 14.0;
				LD_RUNPATH_SEARCH_PATHS = (
					"$(inherited)",
					"@executable_path/Frameworks",
					"@loader_path/Frameworks",
				);
				PRODUCT_BUNDLE_IDENTIFIER = com.yangwang.WeatherAppTests;
				PRODUCT_NAME = "$(TARGET_NAME)";
				SWIFT_VERSION = 5.0;
				TARGETED_DEVICE_FAMILY = "1,2";
				TEST_HOST = "$(BUILT_PRODUCTS_DIR)/WeatherApp.app/WeatherApp";
			};
			name = Debug;
		};
		DAADA59226E733850092D913 /* Release */ = {
			isa = XCBuildConfiguration;
			buildSettings = {
				ALWAYS_EMBED_SWIFT_STANDARD_LIBRARIES = YES;
				BUNDLE_LOADER = "$(TEST_HOST)";
				CODE_SIGN_STYLE = Automatic;
				INFOPLIST_FILE = WeatherAppTests/Info.plist;
				IPHONEOS_DEPLOYMENT_TARGET = 14.0;
				LD_RUNPATH_SEARCH_PATHS = (
					"$(inherited)",
					"@executable_path/Frameworks",
					"@loader_path/Frameworks",
				);
				PRODUCT_BUNDLE_IDENTIFIER = com.yangwang.WeatherAppTests;
				PRODUCT_NAME = "$(TARGET_NAME)";
				SWIFT_VERSION = 5.0;
				TARGETED_DEVICE_FAMILY = "1,2";
				TEST_HOST = "$(BUILT_PRODUCTS_DIR)/WeatherApp.app/WeatherApp";
			};
			name = Release;
		};
		DAADA59426E733850092D913 /* Debug */ = {
			isa = XCBuildConfiguration;
			buildSettings = {
				ALWAYS_EMBED_SWIFT_STANDARD_LIBRARIES = YES;
				CODE_SIGN_STYLE = Automatic;
				INFOPLIST_FILE = WeatherAppUITests/Info.plist;
				LD_RUNPATH_SEARCH_PATHS = (
					"$(inherited)",
					"@executable_path/Frameworks",
					"@loader_path/Frameworks",
				);
				PRODUCT_BUNDLE_IDENTIFIER = com.yangwang.WeatherAppUITests;
				PRODUCT_NAME = "$(TARGET_NAME)";
				SWIFT_VERSION = 5.0;
				TARGETED_DEVICE_FAMILY = "1,2";
				TEST_TARGET_NAME = WeatherApp;
			};
			name = Debug;
		};
		DAADA59526E733850092D913 /* Release */ = {
			isa = XCBuildConfiguration;
			buildSettings = {
				ALWAYS_EMBED_SWIFT_STANDARD_LIBRARIES = YES;
				CODE_SIGN_STYLE = Automatic;
				INFOPLIST_FILE = WeatherAppUITests/Info.plist;
				LD_RUNPATH_SEARCH_PATHS = (
					"$(inherited)",
					"@executable_path/Frameworks",
					"@loader_path/Frameworks",
				);
				PRODUCT_BUNDLE_IDENTIFIER = com.yangwang.WeatherAppUITests;
				PRODUCT_NAME = "$(TARGET_NAME)";
				SWIFT_VERSION = 5.0;
				TARGETED_DEVICE_FAMILY = "1,2";
				TEST_TARGET_NAME = WeatherApp;
			};
			name = Release;
		};
/* End XCBuildConfiguration section */

/* Begin XCConfigurationList section */
		DAADA56326E733840092D913 /* Build configuration list for PBXProject "WeatherApp" */ = {
			isa = XCConfigurationList;
			buildConfigurations = (
				DAADA58B26E733850092D913 /* Debug */,
				DAADA58C26E733850092D913 /* Release */,
			);
			defaultConfigurationIsVisible = 0;
			defaultConfigurationName = Release;
		};
		DAADA58D26E733850092D913 /* Build configuration list for PBXNativeTarget "WeatherApp" */ = {
			isa = XCConfigurationList;
			buildConfigurations = (
				DAADA58E26E733850092D913 /* Debug */,
				DAADA58F26E733850092D913 /* Release */,
			);
			defaultConfigurationIsVisible = 0;
			defaultConfigurationName = Release;
		};
		DAADA59026E733850092D913 /* Build configuration list for PBXNativeTarget "WeatherAppTests" */ = {
			isa = XCConfigurationList;
			buildConfigurations = (
				DAADA59126E733850092D913 /* Debug */,
				DAADA59226E733850092D913 /* Release */,
			);
			defaultConfigurationIsVisible = 0;
			defaultConfigurationName = Release;
		};
		DAADA59326E733850092D913 /* Build configuration list for PBXNativeTarget "WeatherAppUITests" */ = {
			isa = XCConfigurationList;
			buildConfigurations = (
				DAADA59426E733850092D913 /* Debug */,
				DAADA59526E733850092D913 /* Release */,
			);
			defaultConfigurationIsVisible = 0;
			defaultConfigurationName = Release;
		};
/* End XCConfigurationList section */
	};
	rootObject = DAADA56026E733840092D913 /* Project object */;
}
